
Microsoft Visual Studio Solution File, Format Version 12.00
# Visual Studio Version 17
VisualStudioVersion = 17.8.34309.116
MinimumVisualStudioVersion = 10.0.40219.1
Project("{FAE04EC0-301F-11D3-BF4B-00C04F79EFBC}") = "14-dars. OOP", "14-dars. OOP\14-dars. OOP.csproj", "{696D90F8-580C-4416-8F6C-9D2347782542}"
EndProject
Global
	GlobalSection(SolutionConfigurationPlatforms) = preSolution
		Debug|Any CPU = Debug|Any CPU
		Release|Any CPU = Release|Any CPU
	EndGlobalSection
	GlobalSection(ProjectConfigurationPlatforms) = postSolution
		{696D90F8-580C-4416-8F6C-9D2347782542}.Debug|Any CPU.ActiveCfg = Debug|Any CPU
		{696D90F8-580C-4416-8F6C-9D2347782542}.Debug|Any CPU.Build.0 = Debug|Any CPU
		{696D90F8-580C-4416-8F6C-9D2347782542}.Release|Any CPU.ActiveCfg = Release|Any CPU
		{696D90F8-580C-4416-8F6C-9D2347782542}.Release|Any CPU.Build.0 = Release|Any CPU
	EndGlobalSection
	GlobalSection(SolutionProperties) = preSolution
		HideSolutionNode = FALSE
	EndGlobalSection
	GlobalSection(ExtensibilityGlobals) = postSolution
		SolutionGuid = {C45A65AD-7FB1-4E1C-BCB9-346D9F6C2B45}
	EndGlobalSection
EndGlobal
